
Microsoft Visual Studio Solution File, Format Version 12.00
# Visual Studio Version 17
VisualStudioVersion = 17.11.35208.52
MinimumVisualStudioVersion = 10.0.40219.1
Project("{9A19103F-16F7-4668-BE54-9A1E7A4F7556}") = "B3r3ch1tSortingBenchmark", "src\B3r3ch1tSortingBenchmark.csproj", "{EB695654-E4F9-4E57-9E70-696829F0C634}"
EndProject
Global
	GlobalSection(SolutionConfigurationPlatforms) = preSolution
		Debug|Any CPU = Debug|Any CPU
		Release|Any CPU = Release|Any CPU
	EndGlobalSection
	GlobalSection(ProjectConfigurationPlatforms) = postSolution
		{EB695654-E4F9-4E57-9E70-696829F0C634}.Debug|Any CPU.ActiveCfg = Debug|Any CPU
		{EB695654-E4F9-4E57-9E70-696829F0C634}.Debug|Any CPU.Build.0 = Debug|Any CPU
		{EB695654-E4F9-4E57-9E70-696829F0C634}.Release|Any CPU.ActiveCfg = Release|Any CPU
		{EB695654-E4F9-4E57-9E70-696829F0C634}.Release|Any CPU.Build.0 = Release|Any CPU
	EndGlobalSection
	GlobalSection(SolutionProperties) = preSolution
		HideSolutionNode = FALSE
	EndGlobalSection
	GlobalSection(ExtensibilityGlobals) = postSolution
		SolutionGuid = {2B20F170-0FE8-47CE-BFCF-3052DA672A01}
	EndGlobalSection
EndGlobal
